
Microsoft Visual Studio Solution File, Format Version 12.00
# Visual Studio 2012
Project("{D954291E-2A0B-460D-934E-DC6B0785DB48}") = "NomadCode.Azure.Offline.Shared", "NomadCode.Azure.Offline.Shared\NomadCode.Azure.Offline.Shared.shproj", "{035B3E8B-C066-465B-9976-955EF3E6B9EE}"
EndProject
Project("{FAE04EC0-301F-11D3-BF4B-00C04F79EFBC}") = "NomadCode.Azure.Offline.iOS", "NomadCode.Azure.Offline.iOS\NomadCode.Azure.Offline.iOS.csproj", "{285A559F-548D-4307-AF80-7CDCC9050C71}"
EndProject
Project("{FAE04EC0-301F-11D3-BF4B-00C04F79EFBC}") = "NomadCode.Azure.Offline.Android", "NomadCode.Azure.Offline.Android\NomadCode.Azure.Offline.Android.csproj", "{30646D65-AC6B-47DB-B369-B826F45B2996}"
EndProject
Project("{5DD5E4FA-CB73-4610-85AB-557B54E96AA9}") = "NomadCode.Azure.Offline.NuGet", "NomadCode.Azure.Offline.NuGet\NomadCode.Azure.Offline.NuGet.nuproj", "{494D0BF8-59E9-46C9-9452-5DCF51517CB9}"
EndProject
Project("{D954291E-2A0B-460D-934E-DC6B0785DB48}") = "NomadCode.Azure", "..\..\NomadCode.Azure\NomadCode.Azure\NomadCode.Azure.shproj", "{049FF267-02CB-4168-9EC5-0768D053EF77}"
EndProject
Global
	GlobalSection(SolutionConfigurationPlatforms) = preSolution
		Debug|Any CPU = Debug|Any CPU
		Release|Any CPU = Release|Any CPU
	EndGlobalSection
	GlobalSection(ProjectConfigurationPlatforms) = postSolution
		{285A559F-548D-4307-AF80-7CDCC9050C71}.Debug|Any CPU.ActiveCfg = Debug|Any CPU
		{285A559F-548D-4307-AF80-7CDCC9050C71}.Debug|Any CPU.Build.0 = Debug|Any CPU
		{285A559F-548D-4307-AF80-7CDCC9050C71}.Release|Any CPU.ActiveCfg = Release|Any CPU
		{285A559F-548D-4307-AF80-7CDCC9050C71}.Release|Any CPU.Build.0 = Release|Any CPU
		{30646D65-AC6B-47DB-B369-B826F45B2996}.Debug|Any CPU.ActiveCfg = Debug|Any CPU
		{30646D65-AC6B-47DB-B369-B826F45B2996}.Debug|Any CPU.Build.0 = Debug|Any CPU
		{30646D65-AC6B-47DB-B369-B826F45B2996}.Release|Any CPU.ActiveCfg = Release|Any CPU
		{30646D65-AC6B-47DB-B369-B826F45B2996}.Release|Any CPU.Build.0 = Release|Any CPU
		{494D0BF8-59E9-46C9-9452-5DCF51517CB9}.Debug|Any CPU.ActiveCfg = Debug|Any CPU
		{494D0BF8-59E9-46C9-9452-5DCF51517CB9}.Debug|Any CPU.Build.0 = Debug|Any CPU
		{494D0BF8-59E9-46C9-9452-5DCF51517CB9}.Release|Any CPU.ActiveCfg = Release|Any CPU
		{494D0BF8-59E9-46C9-9452-5DCF51517CB9}.Release|Any CPU.Build.0 = Release|Any CPU
	EndGlobalSection
EndGlobal
